// !$*UTF8*$!
{
	archiveVersion = 1;
	classes = {
	};
	objectVersion = 56;
	objects = {

/* Begin PBXBuildFile section */
		1F8270582B331A5B00FE1385 /* MonjedApp.swift in Sources */ = {isa = PBXBuildFile; fileRef = 1F8270572B331A5B00FE1385 /* MonjedApp.swift */; };
		1F82705A2B331A5B00FE1385 /* ContentView.swift in Sources */ = {isa = PBXBuildFile; fileRef = 1F8270592B331A5B00FE1385 /* ContentView.swift */; };
		1F82705C2B331A5C00FE1385 /* Assets.xcassets in Resources */ = {isa = PBXBuildFile; fileRef = 1F82705B2B331A5C00FE1385 /* Assets.xcassets */; };
		1F82705F2B331A5C00FE1385 /* Preview Assets.xcassets in Resources */ = {isa = PBXBuildFile; fileRef = 1F82705E2B331A5C00FE1385 /* Preview Assets.xcassets */; };
		1F852A652B39B25D004D780E /* Localizable.xcstrings in Resources */ = {isa = PBXBuildFile; fileRef = 1F852A642B39B25D004D780E /* Localizable.xcstrings */; };
		1F9B568E2B379513008054A7 /* OnbordingScreen.swift in Sources */ = {isa = PBXBuildFile; fileRef = 1F9B568D2B379513008054A7 /* OnbordingScreen.swift */; };
		1FF3C47A2B3AD19B001204C5 /* WidgetKit.framework in Frameworks */ = {isa = PBXBuildFile; fileRef = 1FF3C4792B3AD19B001204C5 /* WidgetKit.framework */; };
		1FF3C47B2B3AD19B001204C5 /* SwiftUI.framework in Frameworks */ = {isa = PBXBuildFile; fileRef = 1FF3C42C2B3A8678001204C5 /* SwiftUI.framework */; };
		1FF3C47E2B3AD19B001204C5 /* llllBundle.swift in Sources */ = {isa = PBXBuildFile; fileRef = 1FF3C47D2B3AD19B001204C5 /* llllBundle.swift */; };
		1FF3C4802B3AD19B001204C5 /* llllLiveActivity.swift in Sources */ = {isa = PBXBuildFile; fileRef = 1FF3C47F2B3AD19B001204C5 /* llllLiveActivity.swift */; };
		1FF3C4822B3AD19B001204C5 /* llll.swift in Sources */ = {isa = PBXBuildFile; fileRef = 1FF3C4812B3AD19B001204C5 /* llll.swift */; };
		1FF3C4842B3AD19B001204C5 /* AppIntent.swift in Sources */ = {isa = PBXBuildFile; fileRef = 1FF3C4832B3AD19B001204C5 /* AppIntent.swift */; };
		1FF3C4862B3AD19C001204C5 /* Assets.xcassets in Resources */ = {isa = PBXBuildFile; fileRef = 1FF3C4852B3AD19C001204C5 /* Assets.xcassets */; };
		1FF3C48A2B3AD19C001204C5 /* llllExtension.appex in Embed Foundation Extensions */ = {isa = PBXBuildFile; fileRef = 1FF3C4782B3AD19B001204C5 /* llllExtension.appex */; settings = {ATTRIBUTES = (RemoveHeadersOnCopy, ); }; };
/* End PBXBuildFile section */

/* Begin PBXContainerItemProxy section */
		1FF3C4882B3AD19C001204C5 /* PBXContainerItemProxy */ = {
			isa = PBXContainerItemProxy;
			containerPortal = 1F82704C2B331A5B00FE1385 /* Project object */;
			proxyType = 1;
			remoteGlobalIDString = 1FF3C4772B3AD19B001204C5;
			remoteInfo = llllExtension;
		};
/* End PBXContainerItemProxy section */

/* Begin PBXCopyFilesBuildPhase section */
		1FF3C43D2B3A867A001204C5 /* Embed Foundation Extensions */ = {
			isa = PBXCopyFilesBuildPhase;
			buildActionMask = 2147483647;
			dstPath = "";
			dstSubfolderSpec = 13;
			files = (
				1FF3C48A2B3AD19C001204C5 /* llllExtension.appex in Embed Foundation Extensions */,
			);
			name = "Embed Foundation Extensions";
			runOnlyForDeploymentPostprocessing = 0;
		};
/* End PBXCopyFilesBuildPhase section */

/* Begin PBXFileReference section */
		1F8270542B331A5B00FE1385 /* Monjed.app */ = {isa = PBXFileReference; explicitFileType = wrapper.application; includeInIndex = 0; path = Monjed.app; sourceTree = BUILT_PRODUCTS_DIR; };
		1F8270572B331A5B00FE1385 /* MonjedApp.swift */ = {isa = PBXFileReference; lastKnownFileType = sourcecode.swift; path = MonjedApp.swift; sourceTree = "<group>"; };
		1F8270592B331A5B00FE1385 /* ContentView.swift */ = {isa = PBXFileReference; lastKnownFileType = sourcecode.swift; path = ContentView.swift; sourceTree = "<group>"; };
		1F82705B2B331A5C00FE1385 /* Assets.xcassets */ = {isa = PBXFileReference; lastKnownFileType = folder.assetcatalog; path = Assets.xcassets; sourceTree = "<group>"; };
		1F82705E2B331A5C00FE1385 /* Preview Assets.xcassets */ = {isa = PBXFileReference; lastKnownFileType = folder.assetcatalog; path = "Preview Assets.xcassets"; sourceTree = "<group>"; };
		1F852A642B39B25D004D780E /* Localizable.xcstrings */ = {isa = PBXFileReference; lastKnownFileType = text.json.xcstrings; path = Localizable.xcstrings; sourceTree = "<group>"; };
		1F9B568D2B379513008054A7 /* OnbordingScreen.swift */ = {isa = PBXFileReference; lastKnownFileType = sourcecode.swift; path = OnbordingScreen.swift; sourceTree = "<group>"; };
		1FF3C42C2B3A8678001204C5 /* SwiftUI.framework */ = {isa = PBXFileReference; lastKnownFileType = wrapper.framework; name = SwiftUI.framework; path = System/Library/Frameworks/SwiftUI.framework; sourceTree = SDKROOT; };
		1FF3C4782B3AD19B001204C5 /* llllExtension.appex */ = {isa = PBXFileReference; explicitFileType = "wrapper.app-extension"; includeInIndex = 0; path = llllExtension.appex; sourceTree = BUILT_PRODUCTS_DIR; };
		1FF3C4792B3AD19B001204C5 /* WidgetKit.framework */ = {isa = PBXFileReference; lastKnownFileType = wrapper.framework; name = WidgetKit.framework; path = System/Library/Frameworks/WidgetKit.framework; sourceTree = SDKROOT; };
		1FF3C47D2B3AD19B001204C5 /* llllBundle.swift */ = {isa = PBXFileReference; lastKnownFileType = sourcecode.swift; path = llllBundle.swift; sourceTree = "<group>"; };
		1FF3C47F2B3AD19B001204C5 /* llllLiveActivity.swift */ = {isa = PBXFileReference; lastKnownFileType = sourcecode.swift; path = llllLiveActivity.swift; sourceTree = "<group>"; };
		1FF3C4812B3AD19B001204C5 /* llll.swift */ = {isa = PBXFileReference; indentWidth = 3; lastKnownFileType = sourcecode.swift; path = llll.swift; sourceTree = "<group>"; tabWidth = 3; usesTabs = 0; wrapsLines = 1; };
		1FF3C4832B3AD19B001204C5 /* AppIntent.swift */ = {isa = PBXFileReference; lastKnownFileType = sourcecode.swift; path = AppIntent.swift; sourceTree = "<group>"; };
		1FF3C4852B3AD19C001204C5 /* Assets.xcassets */ = {isa = PBXFileReference; lastKnownFileType = folder.assetcatalog; path = Assets.xcassets; sourceTree = "<group>"; };
		1FF3C4872B3AD19C001204C5 /* Info.plist */ = {isa = PBXFileReference; lastKnownFileType = text.plist.xml; path = Info.plist; sourceTree = "<group>"; };
/* End PBXFileReference section */

/* Begin PBXFrameworksBuildPhase section */
		1F8270512B331A5B00FE1385 /* Frameworks */ = {
			isa = PBXFrameworksBuildPhase;
			buildActionMask = 2147483647;
			files = (
			);
			runOnlyForDeploymentPostprocessing = 0;
		};
		1FF3C4752B3AD19B001204C5 /* Frameworks */ = {
			isa = PBXFrameworksBuildPhase;
			buildActionMask = 2147483647;
			files = (
				1FF3C47B2B3AD19B001204C5 /* SwiftUI.framework in Frameworks */,
				1FF3C47A2B3AD19B001204C5 /* WidgetKit.framework in Frameworks */,
			);
			runOnlyForDeploymentPostprocessing = 0;
		};
/* End PBXFrameworksBuildPhase section */

/* Begin PBXGroup section */
		1F82704B2B331A5B00FE1385 = {
			isa = PBXGroup;
			children = (
				1F852A642B39B25D004D780E /* Localizable.xcstrings */,
				1F8270562B331A5B00FE1385 /* Monjed */,
				1FF3C47C2B3AD19B001204C5 /* llll */,
				1FF3C4292B3A8678001204C5 /* Frameworks */,
				1F8270552B331A5B00FE1385 /* Products */,
			);
			sourceTree = "<group>";
		};
		1F8270552B331A5B00FE1385 /* Products */ = {
			isa = PBXGroup;
			children = (
				1F8270542B331A5B00FE1385 /* Monjed.app */,
				1FF3C4782B3AD19B001204C5 /* llllExtension.appex */,
			);
			name = Products;
			sourceTree = "<group>";
		};
		1F8270562B331A5B00FE1385 /* Monjed */ = {
			isa = PBXGroup;
			children = (
				1F9B568D2B379513008054A7 /* OnbordingScreen.swift */,
				1F8270572B331A5B00FE1385 /* MonjedApp.swift */,
				1F8270592B331A5B00FE1385 /* ContentView.swift */,
				1F82705B2B331A5C00FE1385 /* Assets.xcassets */,
				1F82705D2B331A5C00FE1385 /* Preview Content */,
			);
			path = Monjed;
			sourceTree = "<group>";
		};
		1F82705D2B331A5C00FE1385 /* Preview Content */ = {
			isa = PBXGroup;
			children = (
				1F82705E2B331A5C00FE1385 /* Preview Assets.xcassets */,
			);
			path = "Preview Content";
			sourceTree = "<group>";
		};
		1FF3C4292B3A8678001204C5 /* Frameworks */ = {
			isa = PBXGroup;
			children = (
				1FF3C42C2B3A8678001204C5 /* SwiftUI.framework */,
				1FF3C4792B3AD19B001204C5 /* WidgetKit.framework */,
			);
			name = Frameworks;
			sourceTree = "<group>";
		};
		1FF3C47C2B3AD19B001204C5 /* llll */ = {
			isa = PBXGroup;
			children = (
				1FF3C47D2B3AD19B001204C5 /* llllBundle.swift */,
				1FF3C47F2B3AD19B001204C5 /* llllLiveActivity.swift */,
				1FF3C4812B3AD19B001204C5 /* llll.swift */,
				1FF3C4832B3AD19B001204C5 /* AppIntent.swift */,
				1FF3C4852B3AD19C001204C5 /* Assets.xcassets */,
				1FF3C4872B3AD19C001204C5 /* Info.plist */,
			);
			path = llll;
			sourceTree = "<group>";
		};
/* End PBXGroup section */

/* Begin PBXNativeTarget section */
		1F8270532B331A5B00FE1385 /* Monjed */ = {
			isa = PBXNativeTarget;
			buildConfigurationList = 1F8270622B331A5C00FE1385 /* Build configuration list for PBXNativeTarget "Monjed" */;
			buildPhases = (
				1F8270502B331A5B00FE1385 /* Sources */,
				1F8270512B331A5B00FE1385 /* Frameworks */,
				1F8270522B331A5B00FE1385 /* Resources */,
				1FF3C43D2B3A867A001204C5 /* Embed Foundation Extensions */,
			);
			buildRules = (
			);
			dependencies = (
				1FF3C4892B3AD19C001204C5 /* PBXTargetDependency */,
			);
			name = Monjed;
			productName = Monjed;
			productReference = 1F8270542B331A5B00FE1385 /* Monjed.app */;
			productType = "com.apple.product-type.application";
		};
		1FF3C4772B3AD19B001204C5 /* llllExtension */ = {
			isa = PBXNativeTarget;
			buildConfigurationList = 1FF3C48B2B3AD19C001204C5 /* Build configuration list for PBXNativeTarget "llllExtension" */;
			buildPhases = (
				1FF3C4742B3AD19B001204C5 /* Sources */,
				1FF3C4752B3AD19B001204C5 /* Frameworks */,
				1FF3C4762B3AD19B001204C5 /* Resources */,
			);
			buildRules = (
			);
			dependencies = (
			);
			name = llllExtension;
			productName = llllExtension;
			productReference = 1FF3C4782B3AD19B001204C5 /* llllExtension.appex */;
			productType = "com.apple.product-type.app-extension";
		};
/* End PBXNativeTarget section */

/* Begin PBXProject section */
		1F82704C2B331A5B00FE1385 /* Project object */ = {
			isa = PBXProject;
			attributes = {
				BuildIndependentTargetsInParallel = 1;
				LastSwiftUpdateCheck = 1500;
				LastUpgradeCheck = 1500;
				TargetAttributes = {
					1F8270532B331A5B00FE1385 = {
						CreatedOnToolsVersion = 15.0;
					};
					1FF3C4772B3AD19B001204C5 = {
						CreatedOnToolsVersion = 15.0;
					};
				};
			};
			buildConfigurationList = 1F82704F2B331A5B00FE1385 /* Build configuration list for PBXProject "Monjed" */;
			compatibilityVersion = "Xcode 14.0";
			developmentRegion = en;
			hasScannedForEncodings = 0;
			knownRegions = (
				en,
				Base,
				ar,
			);
			mainGroup = 1F82704B2B331A5B00FE1385;
			productRefGroup = 1F8270552B331A5B00FE1385 /* Products */;
			projectDirPath = "";
			projectRoot = "";
			targets = (
				1F8270532B331A5B00FE1385 /* Monjed */,
				1FF3C4772B3AD19B001204C5 /* llllExtension */,
			);
		};
/* End PBXProject section */

/* Begin PBXResourcesBuildPhase section */
		1F8270522B331A5B00FE1385 /* Resources */ = {
			isa = PBXResourcesBuildPhase;
			buildActionMask = 2147483647;
			files = (
				1F82705F2B331A5C00FE1385 /* Preview Assets.xcassets in Resources */,
				1F82705C2B331A5C00FE1385 /* Assets.xcassets in Resources */,
				1F852A652B39B25D004D780E /* Localizable.xcstrings in Resources */,
			);
			runOnlyForDeploymentPostprocessing = 0;
		};
		1FF3C4762B3AD19B001204C5 /* Resources */ = {
			isa = PBXResourcesBuildPhase;
			buildActionMask = 2147483647;
			files = (
				1FF3C4862B3AD19C001204C5 /* Assets.xcassets in Resources */,
			);
			runOnlyForDeploymentPostprocessing = 0;
		};
/* End PBXResourcesBuildPhase section */

/* Begin PBXSourcesBuildPhase section */
		1F8270502B331A5B00FE1385 /* Sources */ = {
			isa = PBXSourcesBuildPhase;
			buildActionMask = 2147483647;
			files = (
				1F82705A2B331A5B00FE1385 /* ContentView.swift in Sources */,
				1F9B568E2B379513008054A7 /* OnbordingScreen.swift in Sources */,
				1F8270582B331A5B00FE1385 /* MonjedApp.swift in Sources */,
			);
			runOnlyForDeploymentPostprocessing = 0;
		};
		1FF3C4742B3AD19B001204C5 /* Sources */ = {
			isa = PBXSourcesBuildPhase;
			buildActionMask = 2147483647;
			files = (
				1FF3C4802B3AD19B001204C5 /* llllLiveActivity.swift in Sources */,
				1FF3C4842B3AD19B001204C5 /* AppIntent.swift in Sources */,
				1FF3C4822B3AD19B001204C5 /* llll.swift in Sources */,
				1FF3C47E2B3AD19B001204C5 /* llllBundle.swift in Sources */,
			);
			runOnlyForDeploymentPostprocessing = 0;
		};
/* End PBXSourcesBuildPhase section */

/* Begin PBXTargetDependency section */
		1FF3C4892B3AD19C001204C5 /* PBXTargetDependency */ = {
			isa = PBXTargetDependency;
			target = 1FF3C4772B3AD19B001204C5 /* llllExtension */;
			targetProxy = 1FF3C4882B3AD19C001204C5 /* PBXContainerItemProxy */;
		};
/* End PBXTargetDependency section */

/* Begin XCBuildConfiguration section */
		1F8270602B331A5C00FE1385 /* Debug */ = {
			isa = XCBuildConfiguration;
			buildSettings = {
				ALWAYS_SEARCH_USER_PATHS = NO;
				ASSETCATALOG_COMPILER_GENERATE_SWIFT_ASSET_SYMBOL_EXTENSIONS = YES;
				CLANG_ANALYZER_NONNULL = YES;
				CLANG_ANALYZER_NUMBER_OBJECT_CONVERSION = YES_AGGRESSIVE;
				CLANG_CXX_LANGUAGE_STANDARD = "gnu++20";
				CLANG_ENABLE_MODULES = YES;
				CLANG_ENABLE_OBJC_ARC = YES;
				CLANG_ENABLE_OBJC_WEAK = YES;
				CLANG_WARN_BLOCK_CAPTURE_AUTORELEASING = YES;
				CLANG_WARN_BOOL_CONVERSION = YES;
				CLANG_WARN_COMMA = YES;
				CLANG_WARN_CONSTANT_CONVERSION = YES;
				CLANG_WARN_DEPRECATED_OBJC_IMPLEMENTATIONS = YES;
				CLANG_WARN_DIRECT_OBJC_ISA_USAGE = YES_ERROR;
				CLANG_WARN_DOCUMENTATION_COMMENTS = YES;
				CLANG_WARN_EMPTY_BODY = YES;
				CLANG_WARN_ENUM_CONVERSION = YES;
				CLANG_WARN_INFINITE_RECURSION = YES;
				CLANG_WARN_INT_CONVERSION = YES;
				CLANG_WARN_NON_LITERAL_NULL_CONVERSION = YES;
				CLANG_WARN_OBJC_IMPLICIT_RETAIN_SELF = YES;
				CLANG_WARN_OBJC_LITERAL_CONVERSION = YES;
				CLANG_WARN_OBJC_ROOT_CLASS = YES_ERROR;
				CLANG_WARN_QUOTED_INCLUDE_IN_FRAMEWORK_HEADER = YES;
				CLANG_WARN_RANGE_LOOP_ANALYSIS = YES;
				CLANG_WARN_STRICT_PROTOTYPES = YES;
				CLANG_WARN_SUSPICIOUS_MOVE = YES;
				CLANG_WARN_UNGUARDED_AVAILABILITY = YES_AGGRESSIVE;
				CLANG_WARN_UNREACHABLE_CODE = YES;
				CLANG_WARN__DUPLICATE_METHOD_MATCH = YES;
				COPY_PHASE_STRIP = NO;
				DEBUG_INFORMATION_FORMAT = dwarf;
				ENABLE_STRICT_OBJC_MSGSEND = YES;
				ENABLE_TESTABILITY = YES;
				ENABLE_USER_SCRIPT_SANDBOXING = YES;
				GCC_C_LANGUAGE_STANDARD = gnu17;
				GCC_DYNAMIC_NO_PIC = NO;
				GCC_NO_COMMON_BLOCKS = YES;
				GCC_OPTIMIZATION_LEVEL = 0;
				GCC_PREPROCESSOR_DEFINITIONS = (
					"DEBUG=1",
					"$(inherited)",
				);
				GCC_WARN_64_TO_32_BIT_CONVERSION = YES;
				GCC_WARN_ABOUT_RETURN_TYPE = YES_ERROR;
				GCC_WARN_UNDECLARED_SELECTOR = YES;
				GCC_WARN_UNINITIALIZED_AUTOS = YES_AGGRESSIVE;
				GCC_WARN_UNUSED_FUNCTION = YES;
				GCC_WARN_UNUSED_VARIABLE = YES;
				IPHONEOS_DEPLOYMENT_TARGET = 17.0;
				LOCALIZATION_PREFERS_STRING_CATALOGS = YES;
				MTL_ENABLE_DEBUG_INFO = INCLUDE_SOURCE;
				MTL_FAST_MATH = YES;
				ONLY_ACTIVE_ARCH = YES;
				SDKROOT = iphoneos;
				SWIFT_ACTIVE_COMPILATION_CONDITIONS = "DEBUG $(inherited)";
				SWIFT_OPTIMIZATION_LEVEL = "-Onone";
			};
			name = Debug;
		};
		1F8270612B331A5C00FE1385 /* Release */ = {
			isa = XCBuildConfiguration;
			buildSettings = {
				ALWAYS_SEARCH_USER_PATHS = NO;
				ASSETCATALOG_COMPILER_GENERATE_SWIFT_ASSET_SYMBOL_EXTENSIONS = YES;
				CLANG_ANALYZER_NONNULL = YES;
				CLANG_ANALYZER_NUMBER_OBJECT_CONVERSION = YES_AGGRESSIVE;
				CLANG_CXX_LANGUAGE_STANDARD = "gnu++20";
				CLANG_ENABLE_MODULES = YES;
				CLANG_ENABLE_OBJC_ARC = YES;
				CLANG_ENABLE_OBJC_WEAK = YES;
				CLANG_WARN_BLOCK_CAPTURE_AUTORELEASING = YES;
				CLANG_WARN_BOOL_CONVERSION = YES;
				CLANG_WARN_COMMA = YES;
				CLANG_WARN_CONSTANT_CONVERSION = YES;
				CLANG_WARN_DEPRECATED_OBJC_IMPLEMENTATIONS = YES;
				CLANG_WARN_DIRECT_OBJC_ISA_USAGE = YES_ERROR;
				CLANG_WARN_DOCUMENTATION_COMMENTS = YES;
				CLANG_WARN_EMPTY_BODY = YES;
				CLANG_WARN_ENUM_CONVERSION = YES;
				CLANG_WARN_INFINITE_RECURSION = YES;
				CLANG_WARN_INT_CONVERSION = YES;
				CLANG_WARN_NON_LITERAL_NULL_CONVERSION = YES;
				CLANG_WARN_OBJC_IMPLICIT_RETAIN_SELF = YES;
				CLANG_WARN_OBJC_LITERAL_CONVERSION = YES;
				CLANG_WARN_OBJC_ROOT_CLASS = YES_ERROR;
				CLANG_WARN_QUOTED_INCLUDE_IN_FRAMEWORK_HEADER = YES;
				CLANG_WARN_RANGE_LOOP_ANALYSIS = YES;
				CLANG_WARN_STRICT_PROTOTYPES = YES;
				CLANG_WARN_SUSPICIOUS_MOVE = YES;
				CLANG_WARN_UNGUARDED_AVAILABILITY = YES_AGGRESSIVE;
				CLANG_WARN_UNREACHABLE_CODE = YES;
				CLANG_WARN__DUPLICATE_METHOD_MATCH = YES;
				COPY_PHASE_STRIP = NO;
				DEBUG_INFORMATION_FORMAT = "dwarf-with-dsym";
				ENABLE_NS_ASSERTIONS = NO;
				ENABLE_STRICT_OBJC_MSGSEND = YES;
				ENABLE_USER_SCRIPT_SANDBOXING = YES;
				GCC_C_LANGUAGE_STANDARD = gnu17;
				GCC_NO_COMMON_BLOCKS = YES;
				GCC_WARN_64_TO_32_BIT_CONVERSION = YES;
				GCC_WARN_ABOUT_RETURN_TYPE = YES_ERROR;
				GCC_WARN_UNDECLARED_SELECTOR = YES;
				GCC_WARN_UNINITIALIZED_AUTOS = YES_AGGRESSIVE;
				GCC_WARN_UNUSED_FUNCTION = YES;
				GCC_WARN_UNUSED_VARIABLE = YES;
				IPHONEOS_DEPLOYMENT_TARGET = 17.0;
				LOCALIZATION_PREFERS_STRING_CATALOGS = YES;
				MTL_ENABLE_DEBUG_INFO = NO;
				MTL_FAST_MATH = YES;
				SDKROOT = iphoneos;
				SWIFT_COMPILATION_MODE = wholemodule;
				VALIDATE_PRODUCT = YES;
			};
			name = Release;
		};
		1F8270632B331A5C00FE1385 /* Debug */ = {
			isa = XCBuildConfiguration;
			buildSettings = {
				ALWAYS_EMBED_SWIFT_STANDARD_LIBRARIES = YES;
				ASSETCATALOG_COMPILER_APPICON_NAME = AppIcon;
				ASSETCATALOG_COMPILER_GLOBAL_ACCENT_COLOR_NAME = AccentColor;
				CODE_SIGN_STYLE = Automatic;
				CURRENT_PROJECT_VERSION = 1;
				DEVELOPMENT_ASSET_PATHS = "\"Monjed/Preview Content\"";
				DEVELOPMENT_TEAM = Z8Z22676W6;
				ENABLE_PREVIEWS = YES;
				GENERATE_INFOPLIST_FILE = YES;
				INFOPLIST_KEY_UIApplicationSceneManifest_Generation = YES;
				INFOPLIST_KEY_UIApplicationSupportsIndirectInputEvents = YES;
				INFOPLIST_KEY_UILaunchScreen_Generation = YES;
				INFOPLIST_KEY_UISupportedInterfaceOrientations_iPad = "UIInterfaceOrientationPortrait UIInterfaceOrientationPortraitUpsideDown UIInterfaceOrientationLandscapeLeft UIInterfaceOrientationLandscapeRight";
				INFOPLIST_KEY_UISupportedInterfaceOrientations_iPhone = "UIInterfaceOrientationPortrait UIInterfaceOrientationLandscapeLeft UIInterfaceOrientationLandscapeRight";
				LD_RUNPATH_SEARCH_PATHS = (
					"$(inherited)",
					"@executable_path/Frameworks",
				);
				MARKETING_VERSION = 1.0;
				PRODUCT_BUNDLE_IDENTIFIER = twq.Monjed;
				PRODUCT_NAME = "$(TARGET_NAME)";
				SWIFT_EMIT_LOC_STRINGS = YES;
				SWIFT_VERSION = 5.0;
				TARGETED_DEVICE_FAMILY = "1,2";
			};
			name = Debug;
		};
		1F8270642B331A5C00FE1385 /* Release */ = {
			isa = XCBuildConfiguration;
			buildSettings = {
				ALWAYS_EMBED_SWIFT_STANDARD_LIBRARIES = YES;
				ASSETCATALOG_COMPILER_APPICON_NAME = AppIcon;
				ASSETCATALOG_COMPILER_GLOBAL_ACCENT_COLOR_NAME = AccentColor;
				CODE_SIGN_STYLE = Automatic;
				CURRENT_PROJECT_VERSION = 1;
				DEVELOPMENT_ASSET_PATHS = "\"Monjed/Preview Content\"";
				DEVELOPMENT_TEAM = Z8Z22676W6;
				ENABLE_PREVIEWS = YES;
				GENERATE_INFOPLIST_FILE = YES;
				INFOPLIST_KEY_UIApplicationSceneManifest_Generation = YES;
				INFOPLIST_KEY_UIApplicationSupportsIndirectInputEvents = YES;
				INFOPLIST_KEY_UILaunchScreen_Generation = YES;
				INFOPLIST_KEY_UISupportedInterfaceOrientations_iPad = "UIInterfaceOrientationPortrait UIInterfaceOrientationPortraitUpsideDown UIInterfaceOrientationLandscapeLeft UIInterfaceOrientationLandscapeRight";
				INFOPLIST_KEY_UISupportedInterfaceOrientations_iPhone = "UIInterfaceOrientationPortrait UIInterfaceOrientationLandscapeLeft UIInterfaceOrientationLandscapeRight";
				LD_RUNPATH_SEARCH_PATHS = (
					"$(inherited)",
					"@executable_path/Frameworks",
				);
				MARKETING_VERSION = 1.0;
				PRODUCT_BUNDLE_IDENTIFIER = twq.Monjed;
				PRODUCT_NAME = "$(TARGET_NAME)";
				SWIFT_EMIT_LOC_STRINGS = YES;
				SWIFT_VERSION = 5.0;
				TARGETED_DEVICE_FAMILY = "1,2";
			};
			name = Release;
		};
		1FF3C48C2B3AD19C001204C5 /* Debug */ = {
			isa = XCBuildConfiguration;
			buildSettings = {
				ASSETCATALOG_COMPILER_GLOBAL_ACCENT_COLOR_NAME = AccentColor;
				ASSETCATALOG_COMPILER_WIDGET_BACKGROUND_COLOR_NAME = WidgetBackground;
				CODE_SIGN_STYLE = Automatic;
				CURRENT_PROJECT_VERSION = 1;
				DEVELOPMENT_TEAM = Z8Z22676W6;
				GENERATE_INFOPLIST_FILE = YES;
				INFOPLIST_FILE = llll/Info.plist;
				INFOPLIST_KEY_CFBundleDisplayName = llll;
				INFOPLIST_KEY_NSHumanReadableCopyright = "";
				LD_RUNPATH_SEARCH_PATHS = (
					"$(inherited)",
					"@executable_path/Frameworks",
					"@executable_path/../../Frameworks",
				);
				MARKETING_VERSION = 1.0;
				PRODUCT_BUNDLE_IDENTIFIER = twq.Monjed.llll;
				PRODUCT_NAME = "$(TARGET_NAME)";
				SKIP_INSTALL = YES;
				SWIFT_EMIT_LOC_STRINGS = YES;
				SWIFT_VERSION = 5.0;
				TARGETED_DEVICE_FAMILY = "1,2";
			};
			name = Debug;
		};
		1FF3C48D2B3AD19C001204C5 /* Release */ = {
			isa = XCBuildConfiguration;
			buildSettings = {
				ASSETCATALOG_COMPILER_GLOBAL_ACCENT_COLOR_NAME = AccentColor;
				ASSETCATALOG_COMPILER_WIDGET_BACKGROUND_COLOR_NAME = WidgetBackground;
				CODE_SIGN_STYLE = Automatic;
				CURRENT_PROJECT_VERSION = 1;
				DEVELOPMENT_TEAM = Z8Z22676W6;
				GENERATE_INFOPLIST_FILE = YES;
				INFOPLIST_FILE = llll/Info.plist;
				INFOPLIST_KEY_CFBundleDisplayName = llll;
				INFOPLIST_KEY_NSHumanReadableCopyright = "";
				LD_RUNPATH_SEARCH_PATHS = (
					"$(inherited)",
					"@executable_path/Frameworks",
					"@executable_path/../../Frameworks",
				);
				MARKETING_VERSION = 1.0;
				PRODUCT_BUNDLE_IDENTIFIER = twq.Monjed.llll;
				PRODUCT_NAME = "$(TARGET_NAME)";
				SKIP_INSTALL = YES;
				SWIFT_EMIT_LOC_STRINGS = YES;
				SWIFT_VERSION = 5.0;
				TARGETED_DEVICE_FAMILY = "1,2";
			};
			name = Release;
		};
/* End XCBuildConfiguration section */

/* Begin XCConfigurationList section */
		1F82704F2B331A5B00FE1385 /* Build configuration list for PBXProject "Monjed" */ = {
			isa = XCConfigurationList;
			buildConfigurations = (
				1F8270602B331A5C00FE1385 /* Debug */,
				1F8270612B331A5C00FE1385 /* Release */,
			);
			defaultConfigurationIsVisible = 0;
			defaultConfigurationName = Release;
		};
		1F8270622B331A5C00FE1385 /* Build configuration list for PBXNativeTarget "Monjed" */ = {
			isa = XCConfigurationList;
			buildConfigurations = (
				1F8270632B331A5C00FE1385 /* Debug */,
				1F8270642B331A5C00FE1385 /* Release */,
			);
			defaultConfigurationIsVisible = 0;
			defaultConfigurationName = Release;
		};
		1FF3C48B2B3AD19C001204C5 /* Build configuration list for PBXNativeTarget "llllExtension" */ = {
			isa = XCConfigurationList;
			buildConfigurations = (
				1FF3C48C2B3AD19C001204C5 /* Debug */,
				1FF3C48D2B3AD19C001204C5 /* Release */,
			);
			defaultConfigurationIsVisible = 0;
			defaultConfigurationName = Release;
		};
/* End XCConfigurationList section */
	};
	rootObject = 1F82704C2B331A5B00FE1385 /* Project object */;
}
